// !$*UTF8*$!
{
	archiveVersion = 1;
	classes = {
	};
	objectVersion = 50;
	objects = {

/* Begin PBXBuildFile section */
		992C4B41241F039400F496FC /* AppDelegate.swift in Sources */ = {isa = PBXBuildFile; fileRef = 992C4B40241F039400F496FC /* AppDelegate.swift */; };
		992C4B43241F039400F496FC /* SceneDelegate.swift in Sources */ = {isa = PBXBuildFile; fileRef = 992C4B42241F039400F496FC /* SceneDelegate.swift */; };
		992C4B45241F039400F496FC /* ContentView.swift in Sources */ = {isa = PBXBuildFile; fileRef = 992C4B44241F039400F496FC /* ContentView.swift */; };
		992C4B47241F039600F496FC /* Assets.xcassets in Resources */ = {isa = PBXBuildFile; fileRef = 992C4B46241F039600F496FC /* Assets.xcassets */; };
		992C4B4A241F039600F496FC /* Preview Assets.xcassets in Resources */ = {isa = PBXBuildFile; fileRef = 992C4B49241F039600F496FC /* Preview Assets.xcassets */; };
		992C4B4D241F039600F496FC /* LaunchScreen.storyboard in Resources */ = {isa = PBXBuildFile; fileRef = 992C4B4B241F039600F496FC /* LaunchScreen.storyboard */; };
		993B2E6124356E3500DBFF2D /* GeneralPopUpView.swift in Sources */ = {isa = PBXBuildFile; fileRef = 993B2E6024356E3500DBFF2D /* GeneralPopUpView.swift */; };
		998DE0CD2421871D00A18EE3 /* EnvironmentalObjects.swift in Sources */ = {isa = PBXBuildFile; fileRef = 998DE0CC2421871D00A18EE3 /* EnvironmentalObjects.swift */; };
		999C4CBC243941B70092E2AD /* Toast.swift in Sources */ = {isa = PBXBuildFile; fileRef = 999C4CBB243941B70092E2AD /* Toast.swift */; };
		99E0B95C242698D400E357F4 /* PopUpPickerView.swift in Sources */ = {isa = PBXBuildFile; fileRef = 99E0B95B242698D400E357F4 /* PopUpPickerView.swift */; };
		99E0B9622426A11E00E357F4 /* Extensions.swift in Sources */ = {isa = PBXBuildFile; fileRef = 99E0B9612426A11E00E357F4 /* Extensions.swift */; };
		DB29CDD1242401BD00AC13C9 /* Number.swift in Sources */ = {isa = PBXBuildFile; fileRef = DB29CDD0242401BD00AC13C9 /* Number.swift */; };
		DB29CDD3242546EA00AC13C9 /* NumberTests.swift in Sources */ = {isa = PBXBuildFile; fileRef = DB29CDD2242546EA00AC13C9 /* NumberTests.swift */; };
		DBC1DC362432C7DF00AC308C /* ButtonModifiers.swift in Sources */ = {isa = PBXBuildFile; fileRef = DBC1DC352432C7DF00AC308C /* ButtonModifiers.swift */; };
		DBC1DC392432C95F00AC308C /* Header.swift in Sources */ = {isa = PBXBuildFile; fileRef = DBC1DC382432C95F00AC308C /* Header.swift */; };
		DBC1DC3B2432CA1000AC308C /* Keypad.swift in Sources */ = {isa = PBXBuildFile; fileRef = DBC1DC3A2432CA1000AC308C /* Keypad.swift */; };
		DBC1DC3D2432CB3600AC308C /* KeypadButton.swift in Sources */ = {isa = PBXBuildFile; fileRef = DBC1DC3C2432CB3600AC308C /* KeypadButton.swift */; };
		DBF0AA8E243528D90047A80D /* ComplementAlert.swift in Sources */ = {isa = PBXBuildFile; fileRef = DBF0AA8D243528D90047A80D /* ComplementAlert.swift */; };
/* End PBXBuildFile section */

/* Begin PBXContainerItemProxy section */
		992275B424244E470019004F /* PBXContainerItemProxy */ = {
			isa = PBXContainerItemProxy;
			containerPortal = 992C4B35241F039400F496FC /* Project object */;
			proxyType = 1;
			remoteGlobalIDString = 992C4B3C241F039400F496FC;
			remoteInfo = BaseCalc;
		};
/* End PBXContainerItemProxy section */

/* Begin PBXFileReference section */
		992275AF24244E470019004F /* BaseCalcTests.xctest */ = {isa = PBXFileReference; explicitFileType = wrapper.cfbundle; includeInIndex = 0; path = BaseCalcTests.xctest; sourceTree = BUILT_PRODUCTS_DIR; };
		992275B324244E470019004F /* Info.plist */ = {isa = PBXFileReference; lastKnownFileType = text.plist.xml; path = Info.plist; sourceTree = "<group>"; };
		992C4B3D241F039400F496FC /* BaseCalc.app */ = {isa = PBXFileReference; explicitFileType = wrapper.application; includeInIndex = 0; path = BaseCalc.app; sourceTree = BUILT_PRODUCTS_DIR; };
		992C4B40241F039400F496FC /* AppDelegate.swift */ = {isa = PBXFileReference; lastKnownFileType = sourcecode.swift; path = AppDelegate.swift; sourceTree = "<group>"; };
		992C4B42241F039400F496FC /* SceneDelegate.swift */ = {isa = PBXFileReference; lastKnownFileType = sourcecode.swift; path = SceneDelegate.swift; sourceTree = "<group>"; };
		992C4B44241F039400F496FC /* ContentView.swift */ = {isa = PBXFileReference; lastKnownFileType = sourcecode.swift; path = ContentView.swift; sourceTree = "<group>"; };
		992C4B46241F039600F496FC /* Assets.xcassets */ = {isa = PBXFileReference; lastKnownFileType = folder.assetcatalog; path = Assets.xcassets; sourceTree = "<group>"; };
		992C4B49241F039600F496FC /* Preview Assets.xcassets */ = {isa = PBXFileReference; lastKnownFileType = folder.assetcatalog; path = "Preview Assets.xcassets"; sourceTree = "<group>"; };
		992C4B4C241F039600F496FC /* Base */ = {isa = PBXFileReference; lastKnownFileType = file.storyboard; name = Base; path = Base.lproj/LaunchScreen.storyboard; sourceTree = "<group>"; };
		992C4B4E241F039600F496FC /* Info.plist */ = {isa = PBXFileReference; lastKnownFileType = text.plist.xml; path = Info.plist; sourceTree = "<group>"; };
		993B2E6024356E3500DBFF2D /* GeneralPopUpView.swift */ = {isa = PBXFileReference; lastKnownFileType = sourcecode.swift; path = GeneralPopUpView.swift; sourceTree = "<group>"; };
		998DE0CC2421871D00A18EE3 /* EnvironmentalObjects.swift */ = {isa = PBXFileReference; lastKnownFileType = sourcecode.swift; path = EnvironmentalObjects.swift; sourceTree = "<group>"; };
		999C4CBB243941B70092E2AD /* Toast.swift */ = {isa = PBXFileReference; lastKnownFileType = sourcecode.swift; path = Toast.swift; sourceTree = "<group>"; };
		99E0B95B242698D400E357F4 /* PopUpPickerView.swift */ = {isa = PBXFileReference; lastKnownFileType = sourcecode.swift; path = PopUpPickerView.swift; sourceTree = "<group>"; };
		99E0B9612426A11E00E357F4 /* Extensions.swift */ = {isa = PBXFileReference; lastKnownFileType = sourcecode.swift; path = Extensions.swift; sourceTree = "<group>"; };
		DB29CDD0242401BD00AC13C9 /* Number.swift */ = {isa = PBXFileReference; lastKnownFileType = sourcecode.swift; path = Number.swift; sourceTree = "<group>"; };
		DB29CDD2242546EA00AC13C9 /* NumberTests.swift */ = {isa = PBXFileReference; lastKnownFileType = sourcecode.swift; path = NumberTests.swift; sourceTree = "<group>"; };
		DBC1DC352432C7DF00AC308C /* ButtonModifiers.swift */ = {isa = PBXFileReference; lastKnownFileType = sourcecode.swift; path = ButtonModifiers.swift; sourceTree = "<group>"; };
		DBC1DC382432C95F00AC308C /* Header.swift */ = {isa = PBXFileReference; lastKnownFileType = sourcecode.swift; path = Header.swift; sourceTree = "<group>"; };
		DBC1DC3A2432CA1000AC308C /* Keypad.swift */ = {isa = PBXFileReference; lastKnownFileType = sourcecode.swift; path = Keypad.swift; sourceTree = "<group>"; };
		DBC1DC3C2432CB3600AC308C /* KeypadButton.swift */ = {isa = PBXFileReference; lastKnownFileType = sourcecode.swift; path = KeypadButton.swift; sourceTree = "<group>"; };
		DBF0AA8D243528D90047A80D /* ComplementAlert.swift */ = {isa = PBXFileReference; lastKnownFileType = sourcecode.swift; path = ComplementAlert.swift; sourceTree = "<group>"; };
/* End PBXFileReference section */

/* Begin PBXFrameworksBuildPhase section */
		992275AC24244E470019004F /* Frameworks */ = {
			isa = PBXFrameworksBuildPhase;
			buildActionMask = 2147483647;
			files = (
			);
			runOnlyForDeploymentPostprocessing = 0;
		};
		992C4B3A241F039400F496FC /* Frameworks */ = {
			isa = PBXFrameworksBuildPhase;
			buildActionMask = 2147483647;
			files = (
			);
			runOnlyForDeploymentPostprocessing = 0;
		};
/* End PBXFrameworksBuildPhase section */

/* Begin PBXGroup section */
		992275B024244E470019004F /* BaseCalcTests */ = {
			isa = PBXGroup;
			children = (
				DB29CDD2242546EA00AC13C9 /* NumberTests.swift */,
				992275B324244E470019004F /* Info.plist */,
			);
			path = BaseCalcTests;
			sourceTree = "<group>";
		};
		992C4B34241F039400F496FC = {
			isa = PBXGroup;
			children = (
				992C4B3F241F039400F496FC /* BaseCalc */,
				992275B024244E470019004F /* BaseCalcTests */,
				992C4B3E241F039400F496FC /* Products */,
			);
			sourceTree = "<group>";
		};
		992C4B3E241F039400F496FC /* Products */ = {
			isa = PBXGroup;
			children = (
				992C4B3D241F039400F496FC /* BaseCalc.app */,
				992275AF24244E470019004F /* BaseCalcTests.xctest */,
			);
			name = Products;
			sourceTree = "<group>";
		};
		992C4B3F241F039400F496FC /* BaseCalc */ = {
			isa = PBXGroup;
			children = (
				992C4B40241F039400F496FC /* AppDelegate.swift */,
				DBC1DC372432C82E00AC308C /* Views */,
				992C4B42241F039400F496FC /* SceneDelegate.swift */,
				DBC1DC352432C7DF00AC308C /* ButtonModifiers.swift */,
				998DE0CC2421871D00A18EE3 /* EnvironmentalObjects.swift */,
				99E0B9612426A11E00E357F4 /* Extensions.swift */,
				DB29CDD0242401BD00AC13C9 /* Number.swift */,
				992C4B46241F039600F496FC /* Assets.xcassets */,
				992C4B4B241F039600F496FC /* LaunchScreen.storyboard */,
				992C4B4E241F039600F496FC /* Info.plist */,
				992C4B48241F039600F496FC /* Preview Content */,
			);
			path = BaseCalc;
			sourceTree = "<group>";
		};
		992C4B48241F039600F496FC /* Preview Content */ = {
			isa = PBXGroup;
			children = (
				992C4B49241F039600F496FC /* Preview Assets.xcassets */,
			);
			path = "Preview Content";
			sourceTree = "<group>";
		};
		DBC1DC372432C82E00AC308C /* Views */ = {
			isa = PBXGroup;
			children = (
				992C4B44241F039400F496FC /* ContentView.swift */,
				DBC1DC3A2432CA1000AC308C /* Keypad.swift */,
				DBC1DC3C2432CB3600AC308C /* KeypadButton.swift */,
				DBC1DC382432C95F00AC308C /* Header.swift */,
				99E0B95B242698D400E357F4 /* PopUpPickerView.swift */,
				993B2E6024356E3500DBFF2D /* GeneralPopUpView.swift */,
				DBF0AA8D243528D90047A80D /* ComplementAlert.swift */,
			);
			path = Views;
			sourceTree = "<group>";
		};
/* End PBXGroup section */

/* Begin PBXNativeTarget section */
		992275AE24244E470019004F /* BaseCalcTests */ = {
			isa = PBXNativeTarget;
			buildConfigurationList = 992275B824244E470019004F /* Build configuration list for PBXNativeTarget "BaseCalcTests" */;
			buildPhases = (
				992275AB24244E470019004F /* Sources */,
				992275AC24244E470019004F /* Frameworks */,
				992275AD24244E470019004F /* Resources */,
			);
			buildRules = (
			);
			dependencies = (
				992275B524244E470019004F /* PBXTargetDependency */,
			);
			name = BaseCalcTests;
			productName = BaseCalcTests;
			productReference = 992275AF24244E470019004F /* BaseCalcTests.xctest */;
			productType = "com.apple.product-type.bundle.unit-test";
		};
		992C4B3C241F039400F496FC /* BaseCalc */ = {
			isa = PBXNativeTarget;
			buildConfigurationList = 992C4B51241F039600F496FC /* Build configuration list for PBXNativeTarget "BaseCalc" */;
			buildPhases = (
				992C4B39241F039400F496FC /* Sources */,
				992C4B3A241F039400F496FC /* Frameworks */,
				992C4B3B241F039400F496FC /* Resources */,
			);
			buildRules = (
			);
			dependencies = (
			);
			name = BaseCalc;
			productName = BaseCalc;
			productReference = 992C4B3D241F039400F496FC /* BaseCalc.app */;
			productType = "com.apple.product-type.application";
		};
/* End PBXNativeTarget section */

/* Begin PBXProject section */
		992C4B35241F039400F496FC /* Project object */ = {
			isa = PBXProject;
			attributes = {
				LastSwiftUpdateCheck = 1130;
				LastUpgradeCheck = 1130;
				ORGANIZATIONNAME = "The Senate";
				TargetAttributes = {
					992275AE24244E470019004F = {
						CreatedOnToolsVersion = 11.3.1;
						TestTargetID = 992C4B3C241F039400F496FC;
					};
					992C4B3C241F039400F496FC = {
						CreatedOnToolsVersion = 11.3.1;
					};
				};
			};
			buildConfigurationList = 992C4B38241F039400F496FC /* Build configuration list for PBXProject "BaseCalc" */;
			compatibilityVersion = "Xcode 9.3";
			developmentRegion = en;
			hasScannedForEncodings = 0;
			knownRegions = (
				en,
				Base,
			);
			mainGroup = 992C4B34241F039400F496FC;
			productRefGroup = 992C4B3E241F039400F496FC /* Products */;
			projectDirPath = "";
			projectRoot = "";
			targets = (
				992C4B3C241F039400F496FC /* BaseCalc */,
				992275AE24244E470019004F /* BaseCalcTests */,
			);
		};
/* End PBXProject section */

/* Begin PBXResourcesBuildPhase section */
		992275AD24244E470019004F /* Resources */ = {
			isa = PBXResourcesBuildPhase;
			buildActionMask = 2147483647;
			files = (
			);
			runOnlyForDeploymentPostprocessing = 0;
		};
		992C4B3B241F039400F496FC /* Resources */ = {
			isa = PBXResourcesBuildPhase;
			buildActionMask = 2147483647;
			files = (
				992C4B4D241F039600F496FC /* LaunchScreen.storyboard in Resources */,
				992C4B4A241F039600F496FC /* Preview Assets.xcassets in Resources */,
				992C4B47241F039600F496FC /* Assets.xcassets in Resources */,
			);
			runOnlyForDeploymentPostprocessing = 0;
		};
/* End PBXResourcesBuildPhase section */

/* Begin PBXSourcesBuildPhase section */
		992275AB24244E470019004F /* Sources */ = {
			isa = PBXSourcesBuildPhase;
			buildActionMask = 2147483647;
			files = (
				DB29CDD3242546EA00AC13C9 /* NumberTests.swift in Sources */,
			);
			runOnlyForDeploymentPostprocessing = 0;
		};
		992C4B39241F039400F496FC /* Sources */ = {
			isa = PBXSourcesBuildPhase;
			buildActionMask = 2147483647;
			files = (
				DBC1DC3D2432CB3600AC308C /* KeypadButton.swift in Sources */,
				DB29CDD1242401BD00AC13C9 /* Number.swift in Sources */,
				DBC1DC392432C95F00AC308C /* Header.swift in Sources */,
				992C4B41241F039400F496FC /* AppDelegate.swift in Sources */,
				DBF0AA8E243528D90047A80D /* ComplementAlert.swift in Sources */,
				DBC1DC3B2432CA1000AC308C /* Keypad.swift in Sources */,
				992C4B43241F039400F496FC /* SceneDelegate.swift in Sources */,
				992C4B45241F039400F496FC /* ContentView.swift in Sources */,
				998DE0CD2421871D00A18EE3 /* EnvironmentalObjects.swift in Sources */,
				99E0B95C242698D400E357F4 /* PopUpPickerView.swift in Sources */,
				DBC1DC362432C7DF00AC308C /* ButtonModifiers.swift in Sources */,
				993B2E6124356E3500DBFF2D /* GeneralPopUpView.swift in Sources */,
				99E0B9622426A11E00E357F4 /* Extensions.swift in Sources */,
			);
			runOnlyForDeploymentPostprocessing = 0;
		};
/* End PBXSourcesBuildPhase section */

/* Begin PBXTargetDependency section */
		992275B524244E470019004F /* PBXTargetDependency */ = {
			isa = PBXTargetDependency;
			target = 992C4B3C241F039400F496FC /* BaseCalc */;
			targetProxy = 992275B424244E470019004F /* PBXContainerItemProxy */;
		};
/* End PBXTargetDependency section */

/* Begin PBXVariantGroup section */
		992C4B4B241F039600F496FC /* LaunchScreen.storyboard */ = {
			isa = PBXVariantGroup;
			children = (
				992C4B4C241F039600F496FC /* Base */,
			);
			name = LaunchScreen.storyboard;
			sourceTree = "<group>";
		};
/* End PBXVariantGroup section */

/* Begin XCBuildConfiguration section */
		992275B624244E470019004F /* Debug */ = {
			isa = XCBuildConfiguration;
			buildSettings = {
				BUNDLE_LOADER = "$(TEST_HOST)";
				CODE_SIGN_STYLE = Automatic;
				INFOPLIST_FILE = BaseCalcTests/Info.plist;
				LD_RUNPATH_SEARCH_PATHS = (
					"$(inherited)",
					"@executable_path/Frameworks",
					"@loader_path/Frameworks",
				);
				PRODUCT_BUNDLE_IDENTIFIER = "The-Senate.BaseCalcTests";
				PRODUCT_NAME = "$(TARGET_NAME)";
				SWIFT_VERSION = 5.0;
				TARGETED_DEVICE_FAMILY = "1,2";
				TEST_HOST = "$(BUILT_PRODUCTS_DIR)/BaseCalc.app/BaseCalc";
			};
			name = Debug;
		};
		992275B724244E470019004F /* Release */ = {
			isa = XCBuildConfiguration;
			buildSettings = {
				BUNDLE_LOADER = "$(TEST_HOST)";
				CODE_SIGN_STYLE = Automatic;
				INFOPLIST_FILE = BaseCalcTests/Info.plist;
				LD_RUNPATH_SEARCH_PATHS = (
					"$(inherited)",
					"@executable_path/Frameworks",
					"@loader_path/Frameworks",
				);
				PRODUCT_BUNDLE_IDENTIFIER = "The-Senate.BaseCalcTests";
				PRODUCT_NAME = "$(TARGET_NAME)";
				SWIFT_VERSION = 5.0;
				TARGETED_DEVICE_FAMILY = "1,2";
				TEST_HOST = "$(BUILT_PRODUCTS_DIR)/BaseCalc.app/BaseCalc";
			};
			name = Release;
		};
		992C4B4F241F039600F496FC /* Debug */ = {
			isa = XCBuildConfiguration;
			buildSettings = {
				ALWAYS_SEARCH_USER_PATHS = NO;
				CLANG_ANALYZER_NONNULL = YES;
				CLANG_ANALYZER_NUMBER_OBJECT_CONVERSION = YES_AGGRESSIVE;
				CLANG_CXX_LANGUAGE_STANDARD = "gnu++14";
				CLANG_CXX_LIBRARY = "libc++";
				CLANG_ENABLE_MODULES = YES;
				CLANG_ENABLE_OBJC_ARC = YES;
				CLANG_ENABLE_OBJC_WEAK = YES;
				CLANG_WARN_BLOCK_CAPTURE_AUTORELEASING = YES;
				CLANG_WARN_BOOL_CONVERSION = YES;
				CLANG_WARN_COMMA = YES;
				CLANG_WARN_CONSTANT_CONVERSION = YES;
				CLANG_WARN_DEPRECATED_OBJC_IMPLEMENTATIONS = YES;
				CLANG_WARN_DIRECT_OBJC_ISA_USAGE = YES_ERROR;
				CLANG_WARN_DOCUMENTATION_COMMENTS = YES;
				CLANG_WARN_EMPTY_BODY = YES;
				CLANG_WARN_ENUM_CONVERSION = YES;
				CLANG_WARN_INFINITE_RECURSION = YES;
				CLANG_WARN_INT_CONVERSION = YES;
				CLANG_WARN_NON_LITERAL_NULL_CONVERSION = YES;
				CLANG_WARN_OBJC_IMPLICIT_RETAIN_SELF = YES;
				CLANG_WARN_OBJC_LITERAL_CONVERSION = YES;
				CLANG_WARN_OBJC_ROOT_CLASS = YES_ERROR;
				CLANG_WARN_RANGE_LOOP_ANALYSIS = YES;
				CLANG_WARN_STRICT_PROTOTYPES = YES;
				CLANG_WARN_SUSPICIOUS_MOVE = YES;
				CLANG_WARN_UNGUARDED_AVAILABILITY = YES_AGGRESSIVE;
				CLANG_WARN_UNREACHABLE_CODE = YES;
				CLANG_WARN__DUPLICATE_METHOD_MATCH = YES;
				COPY_PHASE_STRIP = NO;
				DEBUG_INFORMATION_FORMAT = dwarf;
				ENABLE_STRICT_OBJC_MSGSEND = YES;
				ENABLE_TESTABILITY = YES;
				GCC_C_LANGUAGE_STANDARD = gnu11;
				GCC_DYNAMIC_NO_PIC = NO;
				GCC_NO_COMMON_BLOCKS = YES;
				GCC_OPTIMIZATION_LEVEL = 0;
				GCC_PREPROCESSOR_DEFINITIONS = (
					"DEBUG=1",
					"$(inherited)",
				);
				GCC_WARN_64_TO_32_BIT_CONVERSION = YES;
				GCC_WARN_ABOUT_RETURN_TYPE = YES_ERROR;
				GCC_WARN_UNDECLARED_SELECTOR = YES;
				GCC_WARN_UNINITIALIZED_AUTOS = YES_AGGRESSIVE;
				GCC_WARN_UNUSED_FUNCTION = YES;
				GCC_WARN_UNUSED_VARIABLE = YES;
				IPHONEOS_DEPLOYMENT_TARGET = 13.2;
				MTL_ENABLE_DEBUG_INFO = INCLUDE_SOURCE;
				MTL_FAST_MATH = YES;
				ONLY_ACTIVE_ARCH = YES;
				SDKROOT = iphoneos;
				SWIFT_ACTIVE_COMPILATION_CONDITIONS = DEBUG;
				SWIFT_OPTIMIZATION_LEVEL = "-Onone";
			};
			name = Debug;
		};
		992C4B50241F039600F496FC /* Release */ = {
			isa = XCBuildConfiguration;
			buildSettings = {
				ALWAYS_SEARCH_USER_PATHS = NO;
				CLANG_ANALYZER_NONNULL = YES;
				CLANG_ANALYZER_NUMBER_OBJECT_CONVERSION = YES_AGGRESSIVE;
				CLANG_CXX_LANGUAGE_STANDARD = "gnu++14";
				CLANG_CXX_LIBRARY = "libc++";
				CLANG_ENABLE_MODULES = YES;
				CLANG_ENABLE_OBJC_ARC = YES;
				CLANG_ENABLE_OBJC_WEAK = YES;
				CLANG_WARN_BLOCK_CAPTURE_AUTORELEASING = YES;
				CLANG_WARN_BOOL_CONVERSION = YES;
				CLANG_WARN_COMMA = YES;
				CLANG_WARN_CONSTANT_CONVERSION = YES;
				CLANG_WARN_DEPRECATED_OBJC_IMPLEMENTATIONS = YES;
				CLANG_WARN_DIRECT_OBJC_ISA_USAGE = YES_ERROR;
				CLANG_WARN_DOCUMENTATION_COMMENTS = YES;
				CLANG_WARN_EMPTY_BODY = YES;
				CLANG_WARN_ENUM_CONVERSION = YES;
				CLANG_WARN_INFINITE_RECURSION = YES;
				CLANG_WARN_INT_CONVERSION = YES;
				CLANG_WARN_NON_LITERAL_NULL_CONVERSION = YES;
				CLANG_WARN_OBJC_IMPLICIT_RETAIN_SELF = YES;
				CLANG_WARN_OBJC_LITERAL_CONVERSION = YES;
				CLANG_WARN_OBJC_ROOT_CLASS = YES_ERROR;
				CLANG_WARN_RANGE_LOOP_ANALYSIS = YES;
				CLANG_WARN_STRICT_PROTOTYPES = YES;
				CLANG_WARN_SUSPICIOUS_MOVE = YES;
				CLANG_WARN_UNGUARDED_AVAILABILITY = YES_AGGRESSIVE;
				CLANG_WARN_UNREACHABLE_CODE = YES;
				CLANG_WARN__DUPLICATE_METHOD_MATCH = YES;
				COPY_PHASE_STRIP = NO;
				DEBUG_INFORMATION_FORMAT = "dwarf-with-dsym";
				ENABLE_NS_ASSERTIONS = NO;
				ENABLE_STRICT_OBJC_MSGSEND = YES;
				GCC_C_LANGUAGE_STANDARD = gnu11;
				GCC_NO_COMMON_BLOCKS = YES;
				GCC_WARN_64_TO_32_BIT_CONVERSION = YES;
				GCC_WARN_ABOUT_RETURN_TYPE = YES_ERROR;
				GCC_WARN_UNDECLARED_SELECTOR = YES;
				GCC_WARN_UNINITIALIZED_AUTOS = YES_AGGRESSIVE;
				GCC_WARN_UNUSED_FUNCTION = YES;
				GCC_WARN_UNUSED_VARIABLE = YES;
				IPHONEOS_DEPLOYMENT_TARGET = 13.2;
				MTL_ENABLE_DEBUG_INFO = NO;
				MTL_FAST_MATH = YES;
				SDKROOT = iphoneos;
				SWIFT_COMPILATION_MODE = wholemodule;
				SWIFT_OPTIMIZATION_LEVEL = "-O";
				VALIDATE_PRODUCT = YES;
			};
			name = Release;
		};
		992C4B52241F039600F496FC /* Debug */ = {
			isa = XCBuildConfiguration;
			buildSettings = {
				ASSETCATALOG_COMPILER_APPICON_NAME = AppIcon;
				CODE_SIGN_STYLE = Automatic;
				DEVELOPMENT_ASSET_PATHS = "\"BaseCalc/Preview Content\"";
				ENABLE_PREVIEWS = YES;
				INFOPLIST_FILE = BaseCalc/Info.plist;
				LD_RUNPATH_SEARCH_PATHS = (
					"$(inherited)",
					"@executable_path/Frameworks",
				);
				PRODUCT_BUNDLE_IDENTIFIER = "The-Senate.BaseCalc";
				PRODUCT_NAME = "$(TARGET_NAME)";
				SWIFT_VERSION = 5.0;
				TARGETED_DEVICE_FAMILY = "1,2";
			};
			name = Debug;
		};
		992C4B53241F039600F496FC /* Release */ = {
			isa = XCBuildConfiguration;
			buildSettings = {
				ASSETCATALOG_COMPILER_APPICON_NAME = AppIcon;
				CODE_SIGN_STYLE = Automatic;
				DEVELOPMENT_ASSET_PATHS = "\"BaseCalc/Preview Content\"";
				ENABLE_PREVIEWS = YES;
				INFOPLIST_FILE = BaseCalc/Info.plist;
				LD_RUNPATH_SEARCH_PATHS = (
					"$(inherited)",
					"@executable_path/Frameworks",
				);
				PRODUCT_BUNDLE_IDENTIFIER = "The-Senate.BaseCalc";
				PRODUCT_NAME = "$(TARGET_NAME)";
				SWIFT_VERSION = 5.0;
				TARGETED_DEVICE_FAMILY = "1,2";
			};
			name = Release;
		};
/* End XCBuildConfiguration section */

/* Begin XCConfigurationList section */
		992275B824244E470019004F /* Build configuration list for PBXNativeTarget "BaseCalcTests" */ = {
			isa = XCConfigurationList;
			buildConfigurations = (
				992275B624244E470019004F /* Debug */,
				992275B724244E470019004F /* Release */,
			);
			defaultConfigurationIsVisible = 0;
			defaultConfigurationName = Release;
		};
		992C4B38241F039400F496FC /* Build configuration list for PBXProject "BaseCalc" */ = {
			isa = XCConfigurationList;
			buildConfigurations = (
				992C4B4F241F039600F496FC /* Debug */,
				992C4B50241F039600F496FC /* Release */,
			);
			defaultConfigurationIsVisible = 0;
			defaultConfigurationName = Release;
		};
		992C4B51241F039600F496FC /* Build configuration list for PBXNativeTarget "BaseCalc" */ = {
			isa = XCConfigurationList;
			buildConfigurations = (
				992C4B52241F039600F496FC /* Debug */,
				992C4B53241F039600F496FC /* Release */,
			);
			defaultConfigurationIsVisible = 0;
			defaultConfigurationName = Release;
		};
/* End XCConfigurationList section */
	};
	rootObject = 992C4B35241F039400F496FC /* Project object */;
}
